
Microsoft Visual Studio Solution File, Format Version 12.00
# Visual Studio Version 16
VisualStudioVersion = 16.0.30611.23
MinimumVisualStudioVersion = 10.0.40219.1
Project("{9A19103F-16F7-4668-BE54-9A1E7A4F7556}") = "Project.Domain", "Project.Core\Project.Domain.csproj", "{E910034E-FB9E-4394-8C47-0C0C9E6BA924}"
EndProject
Project("{9A19103F-16F7-4668-BE54-9A1E7A4F7556}") = "Project.Infrastructure", "Project.Infrastructure\Project.Infrastructure.csproj", "{4CC6516C-99A9-4D0A-8F19-941A95718614}"
EndProject
Project("{9A19103F-16F7-4668-BE54-9A1E7A4F7556}") = "Project.Web", "Project.Web\Project.Web.csproj", "{C8786A76-7BA6-4934-83DA-B30FA154B0BF}"
EndProject
Project("{9A19103F-16F7-4668-BE54-9A1E7A4F7556}") = "Project.Application", "Project.Application\Project.Application.csproj", "{3BE6AE8B-642F-4430-B9ED-4CAC623030DF}"
EndProject
Project("{2150E333-8FDC-42A3-9474-1A3956D46DE8}") = "Solution Items", "Solution Items", "{6F1BABBB-81A2-4A2D-AE1B-221A97B85338}"
	ProjectSection(SolutionItems) = preProject
		.gitignore = .gitignore
		.github\workflows\dotnet-core.yml = .github\workflows\dotnet-core.yml
	EndProjectSection
EndProject
Project("{2150E333-8FDC-42A3-9474-1A3956D46DE8}") = "Reference", "Reference", "{122ACDEF-4536-45C4-8A57-C7E18964B19C}"
	ProjectSection(SolutionItems) = preProject
		Clean Architecture Diagram.png = Clean Architecture Diagram.png
	EndProjectSection
EndProject
Project("{9A19103F-16F7-4668-BE54-9A1E7A4F7556}") = "Project.UI.WinForms", "Project.WinForms\Project.UI.WinForms.csproj", "{C7D08005-DF48-4C89-9AC2-01924C3CC718}"
EndProject
Project("{9A19103F-16F7-4668-BE54-9A1E7A4F7556}") = "Project.UI.CW", "Project.UI.Console\Project.UI.CW.csproj", "{6CE6CE18-445F-45B7-9264-A30614175DF2}"
EndProject
Global
	GlobalSection(SolutionConfigurationPlatforms) = preSolution
		Debug|Any CPU = Debug|Any CPU
		Release|Any CPU = Release|Any CPU
	EndGlobalSection
	GlobalSection(ProjectConfigurationPlatforms) = postSolution
		{E910034E-FB9E-4394-8C47-0C0C9E6BA924}.Debug|Any CPU.ActiveCfg = Debug|Any CPU
		{E910034E-FB9E-4394-8C47-0C0C9E6BA924}.Debug|Any CPU.Build.0 = Debug|Any CPU
		{E910034E-FB9E-4394-8C47-0C0C9E6BA924}.Release|Any CPU.ActiveCfg = Release|Any CPU
		{E910034E-FB9E-4394-8C47-0C0C9E6BA924}.Release|Any CPU.Build.0 = Release|Any CPU
		{4CC6516C-99A9-4D0A-8F19-941A95718614}.Debug|Any CPU.ActiveCfg = Debug|Any CPU
		{4CC6516C-99A9-4D0A-8F19-941A95718614}.Debug|Any CPU.Build.0 = Debug|Any CPU
		{4CC6516C-99A9-4D0A-8F19-941A95718614}.Release|Any CPU.ActiveCfg = Release|Any CPU
		{4CC6516C-99A9-4D0A-8F19-941A95718614}.Release|Any CPU.Build.0 = Release|Any CPU
		{C8786A76-7BA6-4934-83DA-B30FA154B0BF}.Debug|Any CPU.ActiveCfg = Debug|Any CPU
		{C8786A76-7BA6-4934-83DA-B30FA154B0BF}.Debug|Any CPU.Build.0 = Debug|Any CPU
		{C8786A76-7BA6-4934-83DA-B30FA154B0BF}.Release|Any CPU.ActiveCfg = Release|Any CPU
		{C8786A76-7BA6-4934-83DA-B30FA154B0BF}.Release|Any CPU.Build.0 = Release|Any CPU
		{3BE6AE8B-642F-4430-B9ED-4CAC623030DF}.Debug|Any CPU.ActiveCfg = Debug|Any CPU
		{3BE6AE8B-642F-4430-B9ED-4CAC623030DF}.Debug|Any CPU.Build.0 = Debug|Any CPU
		{3BE6AE8B-642F-4430-B9ED-4CAC623030DF}.Release|Any CPU.ActiveCfg = Release|Any CPU
		{3BE6AE8B-642F-4430-B9ED-4CAC623030DF}.Release|Any CPU.Build.0 = Release|Any CPU
		{C7D08005-DF48-4C89-9AC2-01924C3CC718}.Debug|Any CPU.ActiveCfg = Debug|Any CPU
		{C7D08005-DF48-4C89-9AC2-01924C3CC718}.Debug|Any CPU.Build.0 = Debug|Any CPU
		{C7D08005-DF48-4C89-9AC2-01924C3CC718}.Release|Any CPU.ActiveCfg = Release|Any CPU
		{C7D08005-DF48-4C89-9AC2-01924C3CC718}.Release|Any CPU.Build.0 = Release|Any CPU
		{6CE6CE18-445F-45B7-9264-A30614175DF2}.Debug|Any CPU.ActiveCfg = Debug|Any CPU
		{6CE6CE18-445F-45B7-9264-A30614175DF2}.Debug|Any CPU.Build.0 = Debug|Any CPU
		{6CE6CE18-445F-45B7-9264-A30614175DF2}.Release|Any CPU.ActiveCfg = Release|Any CPU
		{6CE6CE18-445F-45B7-9264-A30614175DF2}.Release|Any CPU.Build.0 = Release|Any CPU
	EndGlobalSection
	GlobalSection(SolutionProperties) = preSolution
		HideSolutionNode = FALSE
	EndGlobalSection
	GlobalSection(NestedProjects) = preSolution
		{122ACDEF-4536-45C4-8A57-C7E18964B19C} = {6F1BABBB-81A2-4A2D-AE1B-221A97B85338}
	EndGlobalSection
	GlobalSection(ExtensibilityGlobals) = postSolution
		SolutionGuid = {CAE3313B-8F53-4951-AE20-54A8D6F0F6AA}
	EndGlobalSection
EndGlobal
